
Microsoft Visual Studio Solution File, Format Version 12.00
# Visual Studio 15
VisualStudioVersion = 15.0.28307.421
MinimumVisualStudioVersion = 10.0.40219.1
Project("{FAE04EC0-301F-11D3-BF4B-00C04F79EFBC}") = "pi_digits", "pi_digits\pi_digits.csproj", "{D9B1ED67-9255-4EE7-8A21-A4CA402FC10B}"
EndProject
Global
	GlobalSection(SolutionConfigurationPlatforms) = preSolution
		Debug|Any CPU = Debug|Any CPU
		Release|Any CPU = Release|Any CPU
	EndGlobalSection
	GlobalSection(ProjectConfigurationPlatforms) = postSolution
		{D9B1ED67-9255-4EE7-8A21-A4CA402FC10B}.Debug|Any CPU.ActiveCfg = Debug|Any CPU
		{D9B1ED67-9255-4EE7-8A21-A4CA402FC10B}.Debug|Any CPU.Build.0 = Debug|Any CPU
		{D9B1ED67-9255-4EE7-8A21-A4CA402FC10B}.Release|Any CPU.ActiveCfg = Release|Any CPU
		{D9B1ED67-9255-4EE7-8A21-A4CA402FC10B}.Release|Any CPU.Build.0 = Release|Any CPU
	EndGlobalSection
	GlobalSection(SolutionProperties) = preSolution
		HideSolutionNode = FALSE
	EndGlobalSection
	GlobalSection(ExtensibilityGlobals) = postSolution
		SolutionGuid = {50A09789-CA25-4A4A-BEC9-EE6E6407328D}
	EndGlobalSection
EndGlobal
